
Microsoft Visual Studio Solution File, Format Version 12.00
# Visual Studio Version 17
VisualStudioVersion = 17.9.34728.123
MinimumVisualStudioVersion = 10.0.40219.1
Project("{9A19103F-16F7-4668-BE54-9A1E7A4F7556}") = "Main", "Main\Main.csproj", "{BDAB8EBB-25FB-45F7-BB6D-FCA4C479426F}"
EndProject
Project("{9A19103F-16F7-4668-BE54-9A1E7A4F7556}") = "ConnectionStatusNotify", "ConnectionStatusNotify\ConnectionStatusNotify.csproj", "{7CDA8BED-C0DB-44AA-8650-00A5B9C42911}"
EndProject
Project("{9A19103F-16F7-4668-BE54-9A1E7A4F7556}") = "SharedLibrary", "SharedLibrary\SharedLibrary.csproj", "{8222A946-F3AC-458A-AF9B-614657CF6F04}"
EndProject
Project("{9A19103F-16F7-4668-BE54-9A1E7A4F7556}") = "Proto", "Protobuf\Proto.csproj", "{19144CE5-474D-4709-AF85-0DD626ABF7D6}"
EndProject
Project("{9A19103F-16F7-4668-BE54-9A1E7A4F7556}") = "SDK", "SDK\SDK.csproj", "{5C248665-A3F5-4CD1-9BB5-F45E902BEEF2}"
EndProject
Project("{FAE04EC0-301F-11D3-BF4B-00C04F79EFBC}") = "Dispatch", "Dispatch\Dispatch.csproj", "{062AE6BE-8934-4EAB-8C20-6FAA4FF3D504}"
EndProject
Global
	GlobalSection(SolutionConfigurationPlatforms) = preSolution
		Debug|Any CPU = Debug|Any CPU
		Release|Any CPU = Release|Any CPU
		Description = 面向客户端和服务端的HttpServer
	EndGlobalSection
	GlobalSection(ProjectConfigurationPlatforms) = postSolution
		{BDAB8EBB-25FB-45F7-BB6D-FCA4C479426F}.Debug|Any CPU.ActiveCfg = Debug|Any CPU
		{BDAB8EBB-25FB-45F7-BB6D-FCA4C479426F}.Debug|Any CPU.Build.0 = Debug|Any CPU
		{BDAB8EBB-25FB-45F7-BB6D-FCA4C479426F}.Release|Any CPU.ActiveCfg = Release|Any CPU
		{BDAB8EBB-25FB-45F7-BB6D-FCA4C479426F}.Release|Any CPU.Build.0 = Release|Any CPU
		{7CDA8BED-C0DB-44AA-8650-00A5B9C42911}.Debug|Any CPU.ActiveCfg = Debug|Any CPU
		{7CDA8BED-C0DB-44AA-8650-00A5B9C42911}.Debug|Any CPU.Build.0 = Debug|Any CPU
		{7CDA8BED-C0DB-44AA-8650-00A5B9C42911}.Release|Any CPU.ActiveCfg = Release|Any CPU
		{7CDA8BED-C0DB-44AA-8650-00A5B9C42911}.Release|Any CPU.Build.0 = Release|Any CPU
		{8222A946-F3AC-458A-AF9B-614657CF6F04}.Debug|Any CPU.ActiveCfg = Debug|Any CPU
		{8222A946-F3AC-458A-AF9B-614657CF6F04}.Debug|Any CPU.Build.0 = Debug|Any CPU
		{8222A946-F3AC-458A-AF9B-614657CF6F04}.Release|Any CPU.ActiveCfg = Release|Any CPU
		{8222A946-F3AC-458A-AF9B-614657CF6F04}.Release|Any CPU.Build.0 = Release|Any CPU
		{19144CE5-474D-4709-AF85-0DD626ABF7D6}.Debug|Any CPU.ActiveCfg = Debug|Any CPU
		{19144CE5-474D-4709-AF85-0DD626ABF7D6}.Debug|Any CPU.Build.0 = Debug|Any CPU
		{19144CE5-474D-4709-AF85-0DD626ABF7D6}.Release|Any CPU.ActiveCfg = Release|Any CPU
		{19144CE5-474D-4709-AF85-0DD626ABF7D6}.Release|Any CPU.Build.0 = Release|Any CPU
		{5C248665-A3F5-4CD1-9BB5-F45E902BEEF2}.Debug|Any CPU.ActiveCfg = Debug|Any CPU
		{5C248665-A3F5-4CD1-9BB5-F45E902BEEF2}.Debug|Any CPU.Build.0 = Debug|Any CPU
		{5C248665-A3F5-4CD1-9BB5-F45E902BEEF2}.Release|Any CPU.ActiveCfg = Release|Any CPU
		{5C248665-A3F5-4CD1-9BB5-F45E902BEEF2}.Release|Any CPU.Build.0 = Release|Any CPU
		{062AE6BE-8934-4EAB-8C20-6FAA4FF3D504}.Debug|Any CPU.ActiveCfg = Debug|Any CPU
		{062AE6BE-8934-4EAB-8C20-6FAA4FF3D504}.Debug|Any CPU.Build.0 = Debug|Any CPU
		{062AE6BE-8934-4EAB-8C20-6FAA4FF3D504}.Release|Any CPU.ActiveCfg = Release|Any CPU
		{062AE6BE-8934-4EAB-8C20-6FAA4FF3D504}.Release|Any CPU.Build.0 = Release|Any CPU
	EndGlobalSection
	GlobalSection(SolutionProperties) = preSolution
		HideSolutionNode = FALSE
	EndGlobalSection
	GlobalSection(ExtensibilityGlobals) = postSolution
		SolutionGuid = {1C907241-CC0F-4645-A0CD-ED954621ADAF}
	EndGlobalSection
EndGlobal
